// !$*UTF8*$!
{
	archiveVersion = 1;
	classes = {
	};
	objectVersion = 56;
	objects = {

/* Begin PBXBuildFile section */
		6312270B2E844DA500165F7C /* amplify_outputs.json in Resources */ = {isa = PBXBuildFile; fileRef = 6312270A2E844DA500165F7C /* amplify_outputs.json */; };
		6339661E2E859DF1001FC57B /* CashuDevKit in Frameworks */ = {isa = PBXBuildFile; productRef = 6339661D2E859DF1001FC57B /* CashuDevKit */; };
		634D2E152E8C7EC500217DB3 /* CashuDevKit in Frameworks */ = {isa = PBXBuildFile; productRef = 634D2E142E8C7EC500217DB3 /* CashuDevKit */; };
		634D2E252E8C875800217DB3 /* MeltQuoteState.swift in Sources */ = {isa = PBXBuildFile; fileRef = 634D2E192E8C875800217DB3 /* MeltQuoteState.swift */; };
		634D2E262E8C875800217DB3 /* WalletMetadata.swift in Sources */ = {isa = PBXBuildFile; fileRef = 634D2E222E8C875800217DB3 /* WalletMetadata.swift */; };
		634D2E272E8C875800217DB3 /* Transaction.swift in Sources */ = {isa = PBXBuildFile; fileRef = 634D2E202E8C875800217DB3 /* Transaction.swift */; };
		634D2E282E8C875800217DB3 /* MeltQuote.swift in Sources */ = {isa = PBXBuildFile; fileRef = 634D2E172E8C875800217DB3 /* MeltQuote.swift */; };
		634D2E292E8C875800217DB3 /* WalletMetadata+Schema.swift in Sources */ = {isa = PBXBuildFile; fileRef = 634D2E232E8C875800217DB3 /* WalletMetadata+Schema.swift */; };
		634D2E2A2E8C875800217DB3 /* Transaction+Schema.swift in Sources */ = {isa = PBXBuildFile; fileRef = 634D2E212E8C875800217DB3 /* Transaction+Schema.swift */; };
		634D2E2B2E8C875800217DB3 /* AmplifyModels.swift in Sources */ = {isa = PBXBuildFile; fileRef = 634D2E162E8C875800217DB3 /* AmplifyModels.swift */; };
		634D2E2C2E8C875800217DB3 /* MintQuote+Schema.swift in Sources */ = {isa = PBXBuildFile; fileRef = 634D2E1B2E8C875800217DB3 /* MintQuote+Schema.swift */; };
		634D2E2D2E8C875800217DB3 /* MeltQuote+Schema.swift in Sources */ = {isa = PBXBuildFile; fileRef = 634D2E182E8C875800217DB3 /* MeltQuote+Schema.swift */; };
		634D2E2E2E8C875800217DB3 /* MintQuoteState.swift in Sources */ = {isa = PBXBuildFile; fileRef = 634D2E1C2E8C875800217DB3 /* MintQuoteState.swift */; };
		634D2E2F2E8C875800217DB3 /* ProofState.swift in Sources */ = {isa = PBXBuildFile; fileRef = 634D2E1F2E8C875800217DB3 /* ProofState.swift */; };
		634D2E302E8C875800217DB3 /* Proof+Schema.swift in Sources */ = {isa = PBXBuildFile; fileRef = 634D2E1E2E8C875800217DB3 /* Proof+Schema.swift */; };
		634D2E312E8C875800217DB3 /* Proof.swift in Sources */ = {isa = PBXBuildFile; fileRef = 634D2E1D2E8C875800217DB3 /* Proof.swift */; };
		634D2E322E8C875800217DB3 /* MintQuote.swift in Sources */ = {isa = PBXBuildFile; fileRef = 634D2E1A2E8C875800217DB3 /* MintQuote.swift */; };
		A12345678901ABCE /* Amplify in Frameworks */ = {isa = PBXBuildFile; productRef = A12345678901ABCD /* Amplify */; };
		A12345678901ABCG /* AWSCognitoAuthPlugin in Frameworks */ = {isa = PBXBuildFile; productRef = A12345678901ABCH /* AWSCognitoAuthPlugin */; };
		B12345678901ABCD /* SatsApp.swift in Sources */ = {isa = PBXBuildFile; fileRef = B12345678901ABCC /* SatsApp.swift */; };
		B12345678901ABCF /* ContentView.swift in Sources */ = {isa = PBXBuildFile; fileRef = B12345678901ABCE /* ContentView.swift */; };
		B12345678901ABD1 /* TransactView.swift in Sources */ = {isa = PBXBuildFile; fileRef = B12345678901ABD0 /* TransactView.swift */; };
		B12345678901ABD3 /* ActivityView.swift in Sources */ = {isa = PBXBuildFile; fileRef = B12345678901ABD2 /* ActivityView.swift */; };
		B12345678901ABD5 /* Assets.xcassets in Resources */ = {isa = PBXBuildFile; fileRef = B12345678901ABD4 /* Assets.xcassets */; };
		B12345678901ABD7 /* Preview Assets.xcassets in Resources */ = {isa = PBXBuildFile; fileRef = B12345678901ABD6 /* Preview Assets.xcassets */; };
		B12345678901ABE1 /* BalanceView.swift in Sources */ = {isa = PBXBuildFile; fileRef = B12345678901ABE0 /* BalanceView.swift */; };
		B12345678901ABE3 /* WalletManager.swift in Sources */ = {isa = PBXBuildFile; fileRef = B12345678901ABE2 /* WalletManager.swift */; };
		B12345678901ABE5 /* DepositSheetView.swift in Sources */ = {isa = PBXBuildFile; fileRef = B12345678901ABE4 /* DepositSheetView.swift */; };
		B12345678901ABE7 /* Theme.swift in Sources */ = {isa = PBXBuildFile; fileRef = B12345678901ABE6 /* Theme.swift */; };
		B12345678901ABE9 /* WalletLoadingView.swift in Sources */ = {isa = PBXBuildFile; fileRef = B12345678901ABE8 /* WalletLoadingView.swift */; };
		B12345678901ABEC /* AuthManager.swift in Sources */ = {isa = PBXBuildFile; fileRef = B12345678901ABEA /* AuthManager.swift */; };
		B12345678901ABEF /* AuthView.swift in Sources */ = {isa = PBXBuildFile; fileRef = B12345678901ABF0 /* AuthView.swift */; };
		B12345678901ABF1 /* SignUpView.swift in Sources */ = {isa = PBXBuildFile; fileRef = B12345678901ABF2 /* SignUpView.swift */; };
		B12345678901ABF3 /* ConfirmEmailView.swift in Sources */ = {isa = PBXBuildFile; fileRef = B12345678901ABF4 /* ConfirmEmailView.swift */; };
		B12345678901ABF5 /* SignInView.swift in Sources */ = {isa = PBXBuildFile; fileRef = B12345678901ABF6 /* SignInView.swift */; };
		B12345678901ABFB /* AmplifyWalletDatabase.swift in Sources */ = {isa = PBXBuildFile; fileRef = B12345678901ABF7 /* AmplifyWalletDatabase.swift */; };
		B12345678901ABFC /* LocalWalletCache.swift in Sources */ = {isa = PBXBuildFile; fileRef = B12345678901ABF8 /* LocalWalletCache.swift */; };
		B12345678901ABFD /* UITransaction.swift in Sources */ = {isa = PBXBuildFile; fileRef = B12345678901ABF9 /* UITransaction.swift */; };
		B12345678901ABFE /* WalletEncryption.swift in Sources */ = {isa = PBXBuildFile; fileRef = B12345678901ABFA /* WalletEncryption.swift */; };
/* End PBXBuildFile section */

/* Begin PBXFileReference section */
		6312270A2E844DA500165F7C /* amplify_outputs.json */ = {isa = PBXFileReference; lastKnownFileType = text.json; path = amplify_outputs.json; sourceTree = "<group>"; };
		634D2E162E8C875800217DB3 /* AmplifyModels.swift */ = {isa = PBXFileReference; lastKnownFileType = sourcecode.swift; path = AmplifyModels.swift; sourceTree = "<group>"; };
		634D2E172E8C875800217DB3 /* MeltQuote.swift */ = {isa = PBXFileReference; lastKnownFileType = sourcecode.swift; path = MeltQuote.swift; sourceTree = "<group>"; };
		634D2E182E8C875800217DB3 /* MeltQuote+Schema.swift */ = {isa = PBXFileReference; lastKnownFileType = sourcecode.swift; path = "MeltQuote+Schema.swift"; sourceTree = "<group>"; };
		634D2E192E8C875800217DB3 /* MeltQuoteState.swift */ = {isa = PBXFileReference; lastKnownFileType = sourcecode.swift; path = MeltQuoteState.swift; sourceTree = "<group>"; };
		634D2E1A2E8C875800217DB3 /* MintQuote.swift */ = {isa = PBXFileReference; lastKnownFileType = sourcecode.swift; path = MintQuote.swift; sourceTree = "<group>"; };
		634D2E1B2E8C875800217DB3 /* MintQuote+Schema.swift */ = {isa = PBXFileReference; lastKnownFileType = sourcecode.swift; path = "MintQuote+Schema.swift"; sourceTree = "<group>"; };
		634D2E1C2E8C875800217DB3 /* MintQuoteState.swift */ = {isa = PBXFileReference; lastKnownFileType = sourcecode.swift; path = MintQuoteState.swift; sourceTree = "<group>"; };
		634D2E1D2E8C875800217DB3 /* Proof.swift */ = {isa = PBXFileReference; lastKnownFileType = sourcecode.swift; path = Proof.swift; sourceTree = "<group>"; };
		634D2E1E2E8C875800217DB3 /* Proof+Schema.swift */ = {isa = PBXFileReference; lastKnownFileType = sourcecode.swift; path = "Proof+Schema.swift"; sourceTree = "<group>"; };
		634D2E1F2E8C875800217DB3 /* ProofState.swift */ = {isa = PBXFileReference; lastKnownFileType = sourcecode.swift; path = ProofState.swift; sourceTree = "<group>"; };
		634D2E202E8C875800217DB3 /* Transaction.swift */ = {isa = PBXFileReference; lastKnownFileType = sourcecode.swift; path = Transaction.swift; sourceTree = "<group>"; };
		634D2E212E8C875800217DB3 /* Transaction+Schema.swift */ = {isa = PBXFileReference; lastKnownFileType = sourcecode.swift; path = "Transaction+Schema.swift"; sourceTree = "<group>"; };
		634D2E222E8C875800217DB3 /* WalletMetadata.swift */ = {isa = PBXFileReference; lastKnownFileType = sourcecode.swift; path = WalletMetadata.swift; sourceTree = "<group>"; };
		634D2E232E8C875800217DB3 /* WalletMetadata+Schema.swift */ = {isa = PBXFileReference; lastKnownFileType = sourcecode.swift; path = "WalletMetadata+Schema.swift"; sourceTree = "<group>"; };
		B12345678901ABC9 /* SatsApp.app */ = {isa = PBXFileReference; explicitFileType = wrapper.application; includeInIndex = 0; path = SatsApp.app; sourceTree = BUILT_PRODUCTS_DIR; };
		B12345678901ABCC /* SatsApp.swift */ = {isa = PBXFileReference; lastKnownFileType = sourcecode.swift; path = SatsApp.swift; sourceTree = "<group>"; };
		B12345678901ABCE /* ContentView.swift */ = {isa = PBXFileReference; lastKnownFileType = sourcecode.swift; path = ContentView.swift; sourceTree = "<group>"; };
		B12345678901ABD0 /* TransactView.swift */ = {isa = PBXFileReference; lastKnownFileType = sourcecode.swift; path = TransactView.swift; sourceTree = "<group>"; };
		B12345678901ABD2 /* ActivityView.swift */ = {isa = PBXFileReference; lastKnownFileType = sourcecode.swift; path = ActivityView.swift; sourceTree = "<group>"; };
		B12345678901ABD4 /* Assets.xcassets */ = {isa = PBXFileReference; lastKnownFileType = folder.assetcatalog; path = Assets.xcassets; sourceTree = "<group>"; };
		B12345678901ABD6 /* Preview Assets.xcassets */ = {isa = PBXFileReference; lastKnownFileType = folder.assetcatalog; path = "Preview Assets.xcassets"; sourceTree = "<group>"; };
		B12345678901ABE0 /* BalanceView.swift */ = {isa = PBXFileReference; lastKnownFileType = sourcecode.swift; path = BalanceView.swift; sourceTree = "<group>"; };
		B12345678901ABE2 /* WalletManager.swift */ = {isa = PBXFileReference; lastKnownFileType = sourcecode.swift; path = WalletManager.swift; sourceTree = "<group>"; };
		B12345678901ABE4 /* DepositSheetView.swift */ = {isa = PBXFileReference; lastKnownFileType = sourcecode.swift; path = DepositSheetView.swift; sourceTree = "<group>"; };
		B12345678901ABE6 /* Theme.swift */ = {isa = PBXFileReference; lastKnownFileType = sourcecode.swift; path = Theme.swift; sourceTree = "<group>"; };
		B12345678901ABE8 /* WalletLoadingView.swift */ = {isa = PBXFileReference; lastKnownFileType = sourcecode.swift; path = WalletLoadingView.swift; sourceTree = "<group>"; };
		B12345678901ABEA /* AuthManager.swift */ = {isa = PBXFileReference; lastKnownFileType = sourcecode.swift; path = AuthManager.swift; sourceTree = "<group>"; };
		B12345678901ABF0 /* AuthView.swift */ = {isa = PBXFileReference; lastKnownFileType = sourcecode.swift; path = AuthView.swift; sourceTree = "<group>"; };
		B12345678901ABF2 /* SignUpView.swift */ = {isa = PBXFileReference; lastKnownFileType = sourcecode.swift; path = SignUpView.swift; sourceTree = "<group>"; };
		B12345678901ABF4 /* ConfirmEmailView.swift */ = {isa = PBXFileReference; lastKnownFileType = sourcecode.swift; path = ConfirmEmailView.swift; sourceTree = "<group>"; };
		B12345678901ABF6 /* SignInView.swift */ = {isa = PBXFileReference; lastKnownFileType = sourcecode.swift; path = SignInView.swift; sourceTree = "<group>"; };
		B12345678901ABF7 /* AmplifyWalletDatabase.swift */ = {isa = PBXFileReference; lastKnownFileType = sourcecode.swift; path = AmplifyWalletDatabase.swift; sourceTree = "<group>"; };
		B12345678901ABF8 /* LocalWalletCache.swift */ = {isa = PBXFileReference; lastKnownFileType = sourcecode.swift; path = LocalWalletCache.swift; sourceTree = "<group>"; };
		B12345678901ABF9 /* UITransaction.swift */ = {isa = PBXFileReference; lastKnownFileType = sourcecode.swift; path = UITransaction.swift; sourceTree = "<group>"; };
		B12345678901ABFA /* WalletEncryption.swift */ = {isa = PBXFileReference; lastKnownFileType = sourcecode.swift; path = WalletEncryption.swift; sourceTree = "<group>"; };
/* End PBXFileReference section */

/* Begin PBXFrameworksBuildPhase section */
		B12345678901ABC6 /* Frameworks */ = {
			isa = PBXFrameworksBuildPhase;
			buildActionMask = 2147483647;
			files = (
				6339661E2E859DF1001FC57B /* CashuDevKit in Frameworks */,
				A12345678901ABCE /* Amplify in Frameworks */,
				634D2E152E8C7EC500217DB3 /* CashuDevKit in Frameworks */,
				A12345678901ABCG /* AWSCognitoAuthPlugin in Frameworks */,
			);
			runOnlyForDeploymentPostprocessing = 0;
		};
/* End PBXFrameworksBuildPhase section */

/* Begin PBXGroup section */
		634D2E242E8C875800217DB3 /* AmplifyModels */ = {
			isa = PBXGroup;
			children = (
				634D2E162E8C875800217DB3 /* AmplifyModels.swift */,
				634D2E172E8C875800217DB3 /* MeltQuote.swift */,
				634D2E182E8C875800217DB3 /* MeltQuote+Schema.swift */,
				634D2E192E8C875800217DB3 /* MeltQuoteState.swift */,
				634D2E1A2E8C875800217DB3 /* MintQuote.swift */,
				634D2E1B2E8C875800217DB3 /* MintQuote+Schema.swift */,
				634D2E1C2E8C875800217DB3 /* MintQuoteState.swift */,
				634D2E1D2E8C875800217DB3 /* Proof.swift */,
				634D2E1E2E8C875800217DB3 /* Proof+Schema.swift */,
				634D2E1F2E8C875800217DB3 /* ProofState.swift */,
				634D2E202E8C875800217DB3 /* Transaction.swift */,
				634D2E212E8C875800217DB3 /* Transaction+Schema.swift */,
				634D2E222E8C875800217DB3 /* WalletMetadata.swift */,
				634D2E232E8C875800217DB3 /* WalletMetadata+Schema.swift */,
			);
			path = AmplifyModels;
			sourceTree = "<group>";
		};
		B12345678901ABC0 = {
			isa = PBXGroup;
			children = (
				634D2E242E8C875800217DB3 /* AmplifyModels */,
				B12345678901ABCB /* SatsApp */,
				B12345678901ABCA /* Products */,
			);
			sourceTree = "<group>";
		};
		B12345678901ABCA /* Products */ = {
			isa = PBXGroup;
			children = (
				B12345678901ABC9 /* SatsApp.app */,
			);
			name = Products;
			sourceTree = "<group>";
		};
		B12345678901ABCB /* SatsApp */ = {
			isa = PBXGroup;
			children = (
				C12345678901ABC1 /* App */,
				C12345678901ABC2 /* Models */,
				C12345678901ABC3 /* Views */,
				C12345678901ABC4 /* Components */,
				C12345678901ABC5 /* Resources */,
				B12345678901ABD8 /* Preview Content */,
			);
			path = SatsApp;
			sourceTree = "<group>";
		};
		B12345678901ABD8 /* Preview Content */ = {
			isa = PBXGroup;
			children = (
				B12345678901ABD6 /* Preview Assets.xcassets */,
			);
			path = "Preview Content";
			sourceTree = "<group>";
		};
		C12345678901ABC1 /* App */ = {
			isa = PBXGroup;
			children = (
				B12345678901ABCC /* SatsApp.swift */,
			);
			path = App;
			sourceTree = "<group>";
		};
		C12345678901ABC2 /* Models */ = {
			isa = PBXGroup;
			children = (
				B12345678901ABE2 /* WalletManager.swift */,
				B12345678901ABEA /* AuthManager.swift */,
				B12345678901ABF7 /* AmplifyWalletDatabase.swift */,
				B12345678901ABF8 /* LocalWalletCache.swift */,
				B12345678901ABF9 /* UITransaction.swift */,
				B12345678901ABFA /* WalletEncryption.swift */,
			);
			path = Models;
			sourceTree = "<group>";
		};
		C12345678901ABC3 /* Views */ = {
			isa = PBXGroup;
			children = (
				B12345678901ABCE /* ContentView.swift */,
				B12345678901ABD0 /* TransactView.swift */,
				B12345678901ABD2 /* ActivityView.swift */,
				B12345678901ABE0 /* BalanceView.swift */,
				B12345678901ABE4 /* DepositSheetView.swift */,
				B12345678901ABE8 /* WalletLoadingView.swift */,
				B12345678901ABF0 /* AuthView.swift */,
				B12345678901ABF2 /* SignUpView.swift */,
				B12345678901ABF6 /* SignInView.swift */,
				B12345678901ABF4 /* ConfirmEmailView.swift */,
			);
			path = Views;
			sourceTree = "<group>";
		};
		C12345678901ABC4 /* Components */ = {
			isa = PBXGroup;
			children = (
				B12345678901ABE6 /* Theme.swift */,
			);
			path = Components;
			sourceTree = "<group>";
		};
		C12345678901ABC5 /* Resources */ = {
			isa = PBXGroup;
			children = (
				B12345678901ABD4 /* Assets.xcassets */,
				6312270A2E844DA500165F7C /* amplify_outputs.json */,
			);
			path = Resources;
			sourceTree = "<group>";
		};
/* End PBXGroup section */

/* Begin PBXNativeTarget section */
		B12345678901ABC8 /* SatsApp */ = {
			isa = PBXNativeTarget;
			buildConfigurationList = B12345678901ABDA /* Build configuration list for PBXNativeTarget "SatsApp" */;
			buildPhases = (
				B12345678901ABC5 /* Sources */,
				B12345678901ABC6 /* Frameworks */,
				B12345678901ABC7 /* Resources */,
			);
			buildRules = (
			);
			dependencies = (
			);
			name = SatsApp;
			productName = SatsApp;
			productReference = B12345678901ABC9 /* SatsApp.app */;
			productType = "com.apple.product-type.application";
		};
/* End PBXNativeTarget section */

/* Begin PBXProject section */
		B12345678901ABC1 /* Project object */ = {
			isa = PBXProject;
			attributes = {
				BuildIndependentTargetsInParallel = 1;
				LastSwiftUpdateCheck = 1540;
				LastUpgradeCheck = 1540;
				TargetAttributes = {
					B12345678901ABC8 = {
						CreatedOnToolsVersion = 15.4;
					};
				};
			};
			buildConfigurationList = B12345678901ABC4 /* Build configuration list for PBXProject "SatsApp" */;
			compatibilityVersion = "Xcode 14.0";
			developmentRegion = en;
			hasScannedForEncodings = 0;
			knownRegions = (
				en,
				Base,
			);
			mainGroup = B12345678901ABC0;
			packageReferences = (
				A12345678901ABCF /* XCRemoteSwiftPackageReference "amplify-swift" */,
				6339661C2E859DF1001FC57B /* XCRemoteSwiftPackageReference "cdk-swift" */,
			);
			productRefGroup = B12345678901ABCA /* Products */;
			projectDirPath = "";
			projectRoot = "";
			targets = (
				B12345678901ABC8 /* SatsApp */,
			);
		};
/* End PBXProject section */

/* Begin PBXResourcesBuildPhase section */
		B12345678901ABC7 /* Resources */ = {
			isa = PBXResourcesBuildPhase;
			buildActionMask = 2147483647;
			files = (
				B12345678901ABD7 /* Preview Assets.xcassets in Resources */,
				6312270B2E844DA500165F7C /* amplify_outputs.json in Resources */,
				B12345678901ABD5 /* Assets.xcassets in Resources */,
			);
			runOnlyForDeploymentPostprocessing = 0;
		};
/* End PBXResourcesBuildPhase section */

/* Begin PBXSourcesBuildPhase section */
		B12345678901ABC5 /* Sources */ = {
			isa = PBXSourcesBuildPhase;
			buildActionMask = 2147483647;
			files = (
				B12345678901ABCF /* ContentView.swift in Sources */,
				B12345678901ABD1 /* TransactView.swift in Sources */,
				B12345678901ABD3 /* ActivityView.swift in Sources */,
				B12345678901ABE1 /* BalanceView.swift in Sources */,
				B12345678901ABE3 /* WalletManager.swift in Sources */,
				B12345678901ABE5 /* DepositSheetView.swift in Sources */,
				B12345678901ABEC /* AuthManager.swift in Sources */,
				B12345678901ABEF /* AuthView.swift in Sources */,
				B12345678901ABF1 /* SignUpView.swift in Sources */,
				B12345678901ABF5 /* SignInView.swift in Sources */,
				B12345678901ABF3 /* ConfirmEmailView.swift in Sources */,
				B12345678901ABE7 /* Theme.swift in Sources */,
				B12345678901ABE9 /* WalletLoadingView.swift in Sources */,
				B12345678901ABCD /* SatsApp.swift in Sources */,
				B12345678901ABFB /* AmplifyWalletDatabase.swift in Sources */,
				634D2E252E8C875800217DB3 /* MeltQuoteState.swift in Sources */,
				634D2E262E8C875800217DB3 /* WalletMetadata.swift in Sources */,
				634D2E272E8C875800217DB3 /* Transaction.swift in Sources */,
				634D2E282E8C875800217DB3 /* MeltQuote.swift in Sources */,
				634D2E292E8C875800217DB3 /* WalletMetadata+Schema.swift in Sources */,
				634D2E2A2E8C875800217DB3 /* Transaction+Schema.swift in Sources */,
				634D2E2B2E8C875800217DB3 /* AmplifyModels.swift in Sources */,
				634D2E2C2E8C875800217DB3 /* MintQuote+Schema.swift in Sources */,
				634D2E2D2E8C875800217DB3 /* MeltQuote+Schema.swift in Sources */,
				634D2E2E2E8C875800217DB3 /* MintQuoteState.swift in Sources */,
				634D2E2F2E8C875800217DB3 /* ProofState.swift in Sources */,
				634D2E302E8C875800217DB3 /* Proof+Schema.swift in Sources */,
				634D2E312E8C875800217DB3 /* Proof.swift in Sources */,
				634D2E322E8C875800217DB3 /* MintQuote.swift in Sources */,
				B12345678901ABFC /* LocalWalletCache.swift in Sources */,
				B12345678901ABFD /* UITransaction.swift in Sources */,
				B12345678901ABFE /* WalletEncryption.swift in Sources */,
			);
			runOnlyForDeploymentPostprocessing = 0;
		};
/* End PBXSourcesBuildPhase section */

/* Begin XCBuildConfiguration section */
		B12345678901ABD9 /* Debug */ = {
			isa = XCBuildConfiguration;
			buildSettings = {
				ALWAYS_SEARCH_USER_PATHS = NO;
				ASSETCATALOG_COMPILER_GENERATE_SWIFT_ASSET_SYMBOL_EXTENSIONS = YES;
				CLANG_ANALYZER_NONNULL = YES;
				CLANG_ANALYZER_NUMBER_OBJECT_CONVERSION = YES_AGGRESSIVE;
				CLANG_CXX_LANGUAGE_STANDARD = "gnu++20";
				CLANG_ENABLE_MODULES = YES;
				CLANG_ENABLE_OBJC_ARC = YES;
				CLANG_ENABLE_OBJC_WEAK = YES;
				CLANG_WARN_BLOCK_CAPTURE_AUTORELEASING = YES;
				CLANG_WARN_BOOL_CONVERSION = YES;
				CLANG_WARN_COMMA = YES;
				CLANG_WARN_CONSTANT_CONVERSION = YES;
				CLANG_WARN_DEPRECATED_OBJC_IMPLEMENTATIONS = YES;
				CLANG_WARN_DIRECT_OBJC_ISA_USAGE = YES_ERROR;
				CLANG_WARN_DOCUMENTATION_COMMENTS = YES;
				CLANG_WARN_EMPTY_BODY = YES;
				CLANG_WARN_ENUM_CONVERSION = YES;
				CLANG_WARN_INFINITE_RECURSION = YES;
				CLANG_WARN_INT_CONVERSION = YES;
				CLANG_WARN_NON_LITERAL_NULL_CONVERSION = YES;
				CLANG_WARN_OBJC_IMPLICIT_RETAIN_SELF = YES;
				CLANG_WARN_OBJC_LITERAL_CONVERSION = YES;
				CLANG_WARN_OBJC_ROOT_CLASS = YES_ERROR;
				CLANG_WARN_QUOTED_INCLUDE_IN_FRAMEWORK_HEADER = YES;
				CLANG_WARN_RANGE_LOOP_ANALYSIS = YES;
				CLANG_WARN_STRICT_PROTOTYPES = YES;
				CLANG_WARN_SUSPICIOUS_MOVE = YES;
				CLANG_WARN_UNGUARDED_AVAILABILITY = YES_AGGRESSIVE;
				CLANG_WARN_UNREACHABLE_CODE = YES;
				CLANG_WARN__DUPLICATE_METHOD_MATCH = YES;
				COPY_PHASE_STRIP = NO;
				DEBUG_INFORMATION_FORMAT = dwarf;
				ENABLE_STRICT_OBJC_MSGSEND = YES;
				ENABLE_TESTABILITY = YES;
				ENABLE_USER_SCRIPT_SANDBOXING = YES;
				GCC_C_LANGUAGE_STANDARD = gnu17;
				GCC_DYNAMIC_NO_PIC = NO;
				GCC_NO_COMMON_BLOCKS = YES;
				GCC_OPTIMIZATION_LEVEL = 0;
				GCC_PREPROCESSOR_DEFINITIONS = (
					"DEBUG=1",
					"$(inherited)",
				);
				GCC_WARN_64_TO_32_BIT_CONVERSION = YES;
				GCC_WARN_ABOUT_RETURN_TYPE = YES_ERROR;
				GCC_WARN_UNDECLARED_SELECTOR = YES;
				GCC_WARN_UNINITIALIZED_AUTOS = YES_AGGRESSIVE;
				GCC_WARN_UNUSED_FUNCTION = YES;
				GCC_WARN_UNUSED_VARIABLE = YES;
				IPHONEOS_DEPLOYMENT_TARGET = 16.0;
				LOCALIZATION_PREFERS_STRING_CATALOGS = YES;
				MTL_ENABLE_DEBUG_INFO = INCLUDE_SOURCE;
				MTL_FAST_MATH = YES;
				ONLY_ACTIVE_ARCH = YES;
				SDKROOT = iphoneos;
				SWIFT_ACTIVE_COMPILATION_CONDITIONS = "DEBUG $(inherited)";
				SWIFT_OPTIMIZATION_LEVEL = "-Onone";
			};
			name = Debug;
		};
		B12345678901ABDB /* Release */ = {
			isa = XCBuildConfiguration;
			buildSettings = {
				ALWAYS_SEARCH_USER_PATHS = NO;
				ASSETCATALOG_COMPILER_GENERATE_SWIFT_ASSET_SYMBOL_EXTENSIONS = YES;
				CLANG_ANALYZER_NONNULL = YES;
				CLANG_ANALYZER_NUMBER_OBJECT_CONVERSION = YES_AGGRESSIVE;
				CLANG_CXX_LANGUAGE_STANDARD = "gnu++20";
				CLANG_ENABLE_MODULES = YES;
				CLANG_ENABLE_OBJC_ARC = YES;
				CLANG_ENABLE_OBJC_WEAK = YES;
				CLANG_WARN_BLOCK_CAPTURE_AUTORELEASING = YES;
				CLANG_WARN_BOOL_CONVERSION = YES;
				CLANG_WARN_COMMA = YES;
				CLANG_WARN_CONSTANT_CONVERSION = YES;
				CLANG_WARN_DEPRECATED_OBJC_IMPLEMENTATIONS = YES;
				CLANG_WARN_DIRECT_OBJC_ISA_USAGE = YES_ERROR;
				CLANG_WARN_DOCUMENTATION_COMMENTS = YES;
				CLANG_WARN_EMPTY_BODY = YES;
				CLANG_WARN_ENUM_CONVERSION = YES;
				CLANG_WARN_INFINITE_RECURSION = YES;
				CLANG_WARN_INT_CONVERSION = YES;
				CLANG_WARN_NON_LITERAL_NULL_CONVERSION = YES;
				CLANG_WARN_OBJC_IMPLICIT_RETAIN_SELF = YES;
				CLANG_WARN_OBJC_LITERAL_CONVERSION = YES;
				CLANG_WARN_OBJC_ROOT_CLASS = YES_ERROR;
				CLANG_WARN_QUOTED_INCLUDE_IN_FRAMEWORK_HEADER = YES;
				CLANG_WARN_RANGE_LOOP_ANALYSIS = YES;
				CLANG_WARN_STRICT_PROTOTYPES = YES;
				CLANG_WARN_SUSPICIOUS_MOVE = YES;
				CLANG_WARN_UNGUARDED_AVAILABILITY = YES_AGGRESSIVE;
				CLANG_WARN_UNREACHABLE_CODE = YES;
				CLANG_WARN__DUPLICATE_METHOD_MATCH = YES;
				COPY_PHASE_STRIP = NO;
				DEBUG_INFORMATION_FORMAT = "dwarf-with-dsym";
				ENABLE_NS_ASSERTIONS = NO;
				ENABLE_STRICT_OBJC_MSGSEND = YES;
				ENABLE_USER_SCRIPT_SANDBOXING = YES;
				GCC_C_LANGUAGE_STANDARD = gnu17;
				GCC_NO_COMMON_BLOCKS = YES;
				GCC_WARN_64_TO_32_BIT_CONVERSION = YES;
				GCC_WARN_ABOUT_RETURN_TYPE = YES_ERROR;
				GCC_WARN_UNDECLARED_SELECTOR = YES;
				GCC_WARN_UNINITIALIZED_AUTOS = YES_AGGRESSIVE;
				GCC_WARN_UNUSED_FUNCTION = YES;
				GCC_WARN_UNUSED_VARIABLE = YES;
				IPHONEOS_DEPLOYMENT_TARGET = 16.0;
				LOCALIZATION_PREFERS_STRING_CATALOGS = YES;
				MTL_ENABLE_DEBUG_INFO = NO;
				MTL_FAST_MATH = YES;
				SDKROOT = iphoneos;
				SWIFT_COMPILATION_MODE = wholemodule;
				VALIDATE_PRODUCT = YES;
			};
			name = Release;
		};
		B12345678901ABDC /* Debug */ = {
			isa = XCBuildConfiguration;
			buildSettings = {
				ASSETCATALOG_COMPILER_APPICON_NAME = AppIcon;
				ASSETCATALOG_COMPILER_GLOBAL_ACCENT_COLOR_NAME = AccentColor;
				CODE_SIGN_STYLE = Automatic;
				CURRENT_PROJECT_VERSION = 1;
				DEVELOPMENT_ASSET_PATHS = "\"SatsApp/Preview Content\"";
				DEVELOPMENT_TEAM = "";
				ENABLE_PREVIEWS = YES;
				GENERATE_INFOPLIST_FILE = NO;
				INFOPLIST_FILE = SatsApp/Resources/Info.plist;
				INFOPLIST_KEY_UIApplicationSceneManifest_Generation = YES;
				INFOPLIST_KEY_UIApplicationSupportsIndirectInputEvents = YES;
				INFOPLIST_KEY_UILaunchScreen_Generation = YES;
				INFOPLIST_KEY_UISupportedInterfaceOrientations_iPad = "UIInterfaceOrientationPortrait UIInterfaceOrientationPortraitUpsideDown UIInterfaceOrientationLandscapeLeft UIInterfaceOrientationLandscapeRight";
				INFOPLIST_KEY_UISupportedInterfaceOrientations_iPhone = "UIInterfaceOrientationPortrait UIInterfaceOrientationLandscapeLeft UIInterfaceOrientationLandscapeRight";
				LD_RUNPATH_SEARCH_PATHS = (
					"$(inherited)",
					"@executable_path/Frameworks",
				);
				MARKETING_VERSION = 1.0;
				PRODUCT_BUNDLE_IDENTIFIER = app.paywithsats;
				PRODUCT_NAME = "$(TARGET_NAME)";
				SWIFT_EMIT_LOC_STRINGS = YES;
				SWIFT_VERSION = 5.0;
				TARGETED_DEVICE_FAMILY = "1,2";
			};
			name = Debug;
		};
		B12345678901ABDD /* Release */ = {
			isa = XCBuildConfiguration;
			buildSettings = {
				ASSETCATALOG_COMPILER_APPICON_NAME = AppIcon;
				ASSETCATALOG_COMPILER_GLOBAL_ACCENT_COLOR_NAME = AccentColor;
				CODE_SIGN_STYLE = Automatic;
				CURRENT_PROJECT_VERSION = 1;
				DEVELOPMENT_ASSET_PATHS = "\"SatsApp/Preview Content\"";
				DEVELOPMENT_TEAM = "";
				ENABLE_PREVIEWS = YES;
				GENERATE_INFOPLIST_FILE = NO;
				INFOPLIST_FILE = SatsApp/Resources/Info.plist;
				INFOPLIST_KEY_UIApplicationSceneManifest_Generation = YES;
				INFOPLIST_KEY_UIApplicationSupportsIndirectInputEvents = YES;
				INFOPLIST_KEY_UILaunchScreen_Generation = YES;
				INFOPLIST_KEY_UISupportedInterfaceOrientations_iPad = "UIInterfaceOrientationPortrait UIInterfaceOrientationPortraitUpsideDown UIInterfaceOrientationLandscapeLeft UIInterfaceOrientationLandscapeRight";
				INFOPLIST_KEY_UISupportedInterfaceOrientations_iPhone = "UIInterfaceOrientationPortrait UIInterfaceOrientationLandscapeLeft UIInterfaceOrientationLandscapeRight";
				LD_RUNPATH_SEARCH_PATHS = (
					"$(inherited)",
					"@executable_path/Frameworks",
				);
				MARKETING_VERSION = 1.0;
				PRODUCT_BUNDLE_IDENTIFIER = app.paywithsats;
				PRODUCT_NAME = "$(TARGET_NAME)";
				SWIFT_EMIT_LOC_STRINGS = YES;
				SWIFT_VERSION = 5.0;
				TARGETED_DEVICE_FAMILY = "1,2";
			};
			name = Release;
		};
/* End XCBuildConfiguration section */

/* Begin XCConfigurationList section */
		B12345678901ABC4 /* Build configuration list for PBXProject "SatsApp" */ = {
			isa = XCConfigurationList;
			buildConfigurations = (
				B12345678901ABD9 /* Debug */,
				B12345678901ABDB /* Release */,
			);
			defaultConfigurationIsVisible = 0;
			defaultConfigurationName = Release;
		};
		B12345678901ABDA /* Build configuration list for PBXNativeTarget "SatsApp" */ = {
			isa = XCConfigurationList;
			buildConfigurations = (
				B12345678901ABDC /* Debug */,
				B12345678901ABDD /* Release */,
			);
			defaultConfigurationIsVisible = 0;
			defaultConfigurationName = Release;
		};
/* End XCConfigurationList section */

/* Begin XCRemoteSwiftPackageReference section */
		6339661C2E859DF1001FC57B /* XCRemoteSwiftPackageReference "cdk-swift" */ = {
			isa = XCRemoteSwiftPackageReference;
			repositoryURL = "https://github.com/cashubtc/cdk-swift";
			requirement = {
				kind = upToNextMajorVersion;
				minimumVersion = 0.13.0;
			};
		};
		A12345678901ABCF /* XCRemoteSwiftPackageReference "amplify-swift" */ = {
			isa = XCRemoteSwiftPackageReference;
			repositoryURL = "https://github.com/aws-amplify/amplify-swift";
			requirement = {
				kind = upToNextMajorVersion;
				minimumVersion = 2.0.0;
			};
		};
/* End XCRemoteSwiftPackageReference section */

/* Begin XCSwiftPackageProductDependency section */
		6339661D2E859DF1001FC57B /* CashuDevKit */ = {
			isa = XCSwiftPackageProductDependency;
			package = 6339661C2E859DF1001FC57B /* XCRemoteSwiftPackageReference "cdk-swift" */;
			productName = CashuDevKit;
		};
		634D2E142E8C7EC500217DB3 /* CashuDevKit */ = {
			isa = XCSwiftPackageProductDependency;
			package = 6339661C2E859DF1001FC57B /* XCRemoteSwiftPackageReference "cdk-swift" */;
			productName = CashuDevKit;
		};
		A12345678901ABCD /* Amplify */ = {
			isa = XCSwiftPackageProductDependency;
			package = A12345678901ABCF /* XCRemoteSwiftPackageReference "amplify-swift" */;
			productName = Amplify;
		};
		A12345678901ABCH /* AWSCognitoAuthPlugin */ = {
			isa = XCSwiftPackageProductDependency;
			package = A12345678901ABCF /* XCRemoteSwiftPackageReference "amplify-swift" */;
			productName = AWSCognitoAuthPlugin;
		};
/* End XCSwiftPackageProductDependency section */
	};
	rootObject = B12345678901ABC1 /* Project object */;
}
