// !$*UTF8*$!
{
	archiveVersion = 1;
	classes = {
	};
	objectVersion = 56;
	objects = {

/* Begin PBXBuildFile section */
		47F4DEDFF443F4806F209AA0 /* AppLogger.swift in Sources */ = {isa = PBXBuildFile; fileRef = 3729603695357C070353FFFC /* AppLogger.swift */; };
		57FEE5D29930D25747C39372 /* MintDirectory.swift in Sources */ = {isa = PBXBuildFile; fileRef = 4A4297BFD328F570E47F89FD /* MintDirectory.swift */; };
		D12345678901ABCE /* MintInfoService.swift in Sources */ = {isa = PBXBuildFile; fileRef = D12345678901ABCF /* MintInfoService.swift */; };
		D12345678901ABD1 /* MintDetailView.swift in Sources */ = {isa = PBXBuildFile; fileRef = D12345678901ABD0 /* MintDetailView.swift */; };
		6339661E2E859DF1001FC57B /* CashuDevKit in Frameworks */ = {isa = PBXBuildFile; productRef = 6339661D2E859DF1001FC57B /* CashuDevKit */; };
		B12345678901ABCD /* SatsApp.swift in Sources */ = {isa = PBXBuildFile; fileRef = B12345678901ABCC /* SatsApp.swift */; };
		B12345678901ABCF /* ContentView.swift in Sources */ = {isa = PBXBuildFile; fileRef = B12345678901ABCE /* ContentView.swift */; };
		B12345678901ABD1 /* TransactView.swift in Sources */ = {isa = PBXBuildFile; fileRef = B12345678901ABD0 /* TransactView.swift */; };
		B12345678901ABD3 /* ActivityView.swift in Sources */ = {isa = PBXBuildFile; fileRef = B12345678901ABD2 /* ActivityView.swift */; };
		B12345678901ABD5 /* Assets.xcassets in Resources */ = {isa = PBXBuildFile; fileRef = B12345678901ABD4 /* Assets.xcassets */; };
		B12345678901ABD7 /* Preview Assets.xcassets in Resources */ = {isa = PBXBuildFile; fileRef = B12345678901ABD6 /* Preview Assets.xcassets */; };
		B12345678901ABE1 /* BalanceView.swift in Sources */ = {isa = PBXBuildFile; fileRef = B12345678901ABE0 /* BalanceView.swift */; };
		B12345678901ABE3 /* WalletManager.swift in Sources */ = {isa = PBXBuildFile; fileRef = B12345678901ABE2 /* WalletManager.swift */; };
		B12345678901ABE5 /* DepositSheetView.swift in Sources */ = {isa = PBXBuildFile; fileRef = B12345678901ABE4 /* DepositSheetView.swift */; };
		B12345678901ABE7 /* Theme.swift in Sources */ = {isa = PBXBuildFile; fileRef = B12345678901ABE6 /* Theme.swift */; };
		B12345678901ABE9 /* WalletLoadingView.swift in Sources */ = {isa = PBXBuildFile; fileRef = B12345678901ABE8 /* WalletLoadingView.swift */; };
		B12345678901ABFD /* UITransaction.swift in Sources */ = {isa = PBXBuildFile; fileRef = B12345678901ABF9 /* UITransaction.swift */; };
		BF401BB572094DBCF82E13F3 /* QRCodeView.swift in Sources */ = {isa = PBXBuildFile; fileRef = 6616A52E16868EB7A0E55094 /* QRCodeView.swift */; };
		C12345678901ABC6 /* StorageManager.swift in Sources */ = {isa = PBXBuildFile; fileRef = C12345678901ABC7 /* StorageManager.swift */; };
		C12345678901ABC8 /* MintSelectionView.swift in Sources */ = {isa = PBXBuildFile; fileRef = C12345678901ABC9 /* MintSelectionView.swift */; };
		CBECD537C820DD3993B261BA /* AnimatedQRCodeView.swift in Sources */ = {isa = PBXBuildFile; fileRef = B14188E42FA49335CD5BB6B3 /* AnimatedQRCodeView.swift */; };
		F013C5A2C3C48667F3FBE5BB /* URUI in Frameworks */ = {isa = PBXBuildFile; productRef = 70FE868618882C027F706631 /* URUI */; };
/* End PBXBuildFile section */

/* Begin PBXFileReference section */
		3729603695357C070353FFFC /* AppLogger.swift */ = {isa = PBXFileReference; includeInIndex = 1; lastKnownFileType = sourcecode.swift; path = AppLogger.swift; sourceTree = "<group>"; };
		4A4297BFD328F570E47F89FD /* MintDirectory.swift */ = {isa = PBXFileReference; includeInIndex = 1; lastKnownFileType = sourcecode.swift; path = MintDirectory.swift; sourceTree = "<group>"; };
		D12345678901ABCF /* MintInfoService.swift */ = {isa = PBXFileReference; lastKnownFileType = sourcecode.swift; path = MintInfoService.swift; sourceTree = "<group>"; };
		D12345678901ABD0 /* MintDetailView.swift */ = {isa = PBXFileReference; lastKnownFileType = sourcecode.swift; path = MintDetailView.swift; sourceTree = "<group>"; };
		6616A52E16868EB7A0E55094 /* QRCodeView.swift */ = {isa = PBXFileReference; includeInIndex = 1; lastKnownFileType = sourcecode.swift; path = QRCodeView.swift; sourceTree = "<group>"; };
		B12345678901ABC9 /* SatsApp.app */ = {isa = PBXFileReference; explicitFileType = wrapper.application; includeInIndex = 0; path = SatsApp.app; sourceTree = BUILT_PRODUCTS_DIR; };
		B12345678901ABCC /* SatsApp.swift */ = {isa = PBXFileReference; lastKnownFileType = sourcecode.swift; path = SatsApp.swift; sourceTree = "<group>"; };
		B12345678901ABCE /* ContentView.swift */ = {isa = PBXFileReference; lastKnownFileType = sourcecode.swift; path = ContentView.swift; sourceTree = "<group>"; };
		B12345678901ABD0 /* TransactView.swift */ = {isa = PBXFileReference; lastKnownFileType = sourcecode.swift; path = TransactView.swift; sourceTree = "<group>"; };
		B12345678901ABD2 /* ActivityView.swift */ = {isa = PBXFileReference; lastKnownFileType = sourcecode.swift; path = ActivityView.swift; sourceTree = "<group>"; };
		B12345678901ABD4 /* Assets.xcassets */ = {isa = PBXFileReference; lastKnownFileType = folder.assetcatalog; path = Assets.xcassets; sourceTree = "<group>"; };
		B12345678901ABD6 /* Preview Assets.xcassets */ = {isa = PBXFileReference; lastKnownFileType = folder.assetcatalog; path = "Preview Assets.xcassets"; sourceTree = "<group>"; };
		B12345678901ABE0 /* BalanceView.swift */ = {isa = PBXFileReference; lastKnownFileType = sourcecode.swift; path = BalanceView.swift; sourceTree = "<group>"; };
		B12345678901ABE2 /* WalletManager.swift */ = {isa = PBXFileReference; lastKnownFileType = sourcecode.swift; path = WalletManager.swift; sourceTree = "<group>"; };
		B12345678901ABE4 /* DepositSheetView.swift */ = {isa = PBXFileReference; lastKnownFileType = sourcecode.swift; path = DepositSheetView.swift; sourceTree = "<group>"; };
		B12345678901ABE6 /* Theme.swift */ = {isa = PBXFileReference; lastKnownFileType = sourcecode.swift; path = Theme.swift; sourceTree = "<group>"; };
		B12345678901ABE8 /* WalletLoadingView.swift */ = {isa = PBXFileReference; lastKnownFileType = sourcecode.swift; path = WalletLoadingView.swift; sourceTree = "<group>"; };
		B12345678901ABF9 /* UITransaction.swift */ = {isa = PBXFileReference; lastKnownFileType = sourcecode.swift; path = UITransaction.swift; sourceTree = "<group>"; };
		B14188E42FA49335CD5BB6B3 /* AnimatedQRCodeView.swift */ = {isa = PBXFileReference; includeInIndex = 1; lastKnownFileType = sourcecode.swift; path = AnimatedQRCodeView.swift; sourceTree = "<group>"; };
		C12345678901ABC7 /* StorageManager.swift */ = {isa = PBXFileReference; lastKnownFileType = sourcecode.swift; path = StorageManager.swift; sourceTree = "<group>"; };
		C12345678901ABC9 /* MintSelectionView.swift */ = {isa = PBXFileReference; lastKnownFileType = sourcecode.swift; path = MintSelectionView.swift; sourceTree = "<group>"; };
		C12345678901ABCA /* SatsApp.entitlements */ = {isa = PBXFileReference; lastKnownFileType = text.plist.entitlements; path = SatsApp.entitlements; sourceTree = "<group>"; };
/* End PBXFileReference section */

/* Begin PBXFrameworksBuildPhase section */
		B12345678901ABC6 /* Frameworks */ = {
			isa = PBXFrameworksBuildPhase;
			buildActionMask = 2147483647;
			files = (
				6339661E2E859DF1001FC57B /* CashuDevKit in Frameworks */,
				F013C5A2C3C48667F3FBE5BB /* URUI in Frameworks */,
			);
			runOnlyForDeploymentPostprocessing = 0;
		};
/* End PBXFrameworksBuildPhase section */

/* Begin PBXGroup section */
		B12345678901ABC0 = {
			isa = PBXGroup;
			children = (
				B12345678901ABCB /* SatsApp */,
				B12345678901ABCA /* Products */,
			);
			sourceTree = "<group>";
		};
		B12345678901ABCA /* Products */ = {
			isa = PBXGroup;
			children = (
				B12345678901ABC9 /* SatsApp.app */,
			);
			name = Products;
			sourceTree = "<group>";
		};
		B12345678901ABCB /* SatsApp */ = {
			isa = PBXGroup;
			children = (
				C12345678901ABCA /* SatsApp.entitlements */,
				C12345678901ABC1 /* App */,
				C12345678901ABC2 /* Models */,
				C12345678901ABC3 /* Views */,
				C12345678901ABC4 /* Components */,
				C12345678901ABC5 /* Resources */,
				B12345678901ABD8 /* Preview Content */,
			);
			path = SatsApp;
			sourceTree = "<group>";
		};
		B12345678901ABD8 /* Preview Content */ = {
			isa = PBXGroup;
			children = (
				B12345678901ABD6 /* Preview Assets.xcassets */,
			);
			path = "Preview Content";
			sourceTree = "<group>";
		};
		C12345678901ABC1 /* App */ = {
			isa = PBXGroup;
			children = (
				B12345678901ABCC /* SatsApp.swift */,
			);
			path = App;
			sourceTree = "<group>";
		};
		C12345678901ABC2 /* Models */ = {
			isa = PBXGroup;
			children = (
				B12345678901ABE2 /* WalletManager.swift */,
				B12345678901ABF9 /* UITransaction.swift */,
				3729603695357C070353FFFC /* AppLogger.swift */,
				C12345678901ABC7 /* StorageManager.swift */,
				4A4297BFD328F570E47F89FD /* MintDirectory.swift */,
				D12345678901ABCF /* MintInfoService.swift */,
			);
			path = Models;
			sourceTree = "<group>";
		};
		C12345678901ABC3 /* Views */ = {
			isa = PBXGroup;
			children = (
				B12345678901ABCE /* ContentView.swift */,
				B12345678901ABD0 /* TransactView.swift */,
				B12345678901ABD2 /* ActivityView.swift */,
				B12345678901ABE0 /* BalanceView.swift */,
				B12345678901ABE4 /* DepositSheetView.swift */,
				B12345678901ABE8 /* WalletLoadingView.swift */,
				C12345678901ABC9 /* MintSelectionView.swift */,
				D12345678901ABD0 /* MintDetailView.swift */,
			);
			path = Views;
			sourceTree = "<group>";
		};
		C12345678901ABC4 /* Components */ = {
			isa = PBXGroup;
			children = (
				B12345678901ABE6 /* Theme.swift */,
				6616A52E16868EB7A0E55094 /* QRCodeView.swift */,
				B14188E42FA49335CD5BB6B3 /* AnimatedQRCodeView.swift */,
			);
			path = Components;
			sourceTree = "<group>";
		};
		C12345678901ABC5 /* Resources */ = {
			isa = PBXGroup;
			children = (
				B12345678901ABD4 /* Assets.xcassets */,
			);
			path = Resources;
			sourceTree = "<group>";
		};
/* End PBXGroup section */

/* Begin PBXNativeTarget section */
		B12345678901ABC8 /* SatsApp */ = {
			isa = PBXNativeTarget;
			buildConfigurationList = B12345678901ABDA /* Build configuration list for PBXNativeTarget "SatsApp" */;
			buildPhases = (
				B12345678901ABC5 /* Sources */,
				B12345678901ABC6 /* Frameworks */,
				B12345678901ABC7 /* Resources */,
			);
			buildRules = (
			);
			dependencies = (
			);
			name = SatsApp;
			packageProductDependencies = (
				70FE868618882C027F706631 /* URUI */,
			);
			productName = SatsApp;
			productReference = B12345678901ABC9 /* SatsApp.app */;
			productType = "com.apple.product-type.application";
		};
/* End PBXNativeTarget section */

/* Begin PBXProject section */
		B12345678901ABC1 /* Project object */ = {
			isa = PBXProject;
			attributes = {
				BuildIndependentTargetsInParallel = 1;
				LastSwiftUpdateCheck = 1540;
				LastUpgradeCheck = 1540;
				TargetAttributes = {
					B12345678901ABC8 = {
						CreatedOnToolsVersion = 15.4;
					};
				};
			};
			buildConfigurationList = B12345678901ABC4 /* Build configuration list for PBXProject "SatsApp" */;
			compatibilityVersion = "Xcode 14.0";
			developmentRegion = en;
			hasScannedForEncodings = 0;
			knownRegions = (
				en,
				Base,
			);
			mainGroup = B12345678901ABC0;
			packageReferences = (
				6339661C2E859DF1001FC57B /* XCRemoteSwiftPackageReference "cdk-swift" */,
				2AFC6C9A259B112A90BAFAE7 /* XCRemoteSwiftPackageReference "URUI" */,
			);
			productRefGroup = B12345678901ABCA /* Products */;
			projectDirPath = "";
			projectRoot = "";
			targets = (
				B12345678901ABC8 /* SatsApp */,
			);
		};
/* End PBXProject section */

/* Begin PBXResourcesBuildPhase section */
		B12345678901ABC7 /* Resources */ = {
			isa = PBXResourcesBuildPhase;
			buildActionMask = 2147483647;
			files = (
				B12345678901ABD7 /* Preview Assets.xcassets in Resources */,
				B12345678901ABD5 /* Assets.xcassets in Resources */,
			);
			runOnlyForDeploymentPostprocessing = 0;
		};
/* End PBXResourcesBuildPhase section */

/* Begin PBXSourcesBuildPhase section */
		B12345678901ABC5 /* Sources */ = {
			isa = PBXSourcesBuildPhase;
			buildActionMask = 2147483647;
			files = (
				B12345678901ABCF /* ContentView.swift in Sources */,
				B12345678901ABD1 /* TransactView.swift in Sources */,
				B12345678901ABD3 /* ActivityView.swift in Sources */,
				B12345678901ABE1 /* BalanceView.swift in Sources */,
				B12345678901ABE3 /* WalletManager.swift in Sources */,
				B12345678901ABE5 /* DepositSheetView.swift in Sources */,
				B12345678901ABE7 /* Theme.swift in Sources */,
				B12345678901ABE9 /* WalletLoadingView.swift in Sources */,
				B12345678901ABCD /* SatsApp.swift in Sources */,
				B12345678901ABFD /* UITransaction.swift in Sources */,
				47F4DEDFF443F4806F209AA0 /* AppLogger.swift in Sources */,
				C12345678901ABC6 /* StorageManager.swift in Sources */,
				C12345678901ABC8 /* MintSelectionView.swift in Sources */,
				57FEE5D29930D25747C39372 /* MintDirectory.swift in Sources */,
				D12345678901ABCE /* MintInfoService.swift in Sources */,
				D12345678901ABD1 /* MintDetailView.swift in Sources */,
				BF401BB572094DBCF82E13F3 /* QRCodeView.swift in Sources */,
				CBECD537C820DD3993B261BA /* AnimatedQRCodeView.swift in Sources */,
			);
			runOnlyForDeploymentPostprocessing = 0;
		};
/* End PBXSourcesBuildPhase section */

/* Begin XCBuildConfiguration section */
		B12345678901ABD9 /* Debug */ = {
			isa = XCBuildConfiguration;
			buildSettings = {
				ALWAYS_SEARCH_USER_PATHS = NO;
				ASSETCATALOG_COMPILER_GENERATE_SWIFT_ASSET_SYMBOL_EXTENSIONS = YES;
				CLANG_ANALYZER_NONNULL = YES;
				CLANG_ANALYZER_NUMBER_OBJECT_CONVERSION = YES_AGGRESSIVE;
				CLANG_CXX_LANGUAGE_STANDARD = "gnu++20";
				CLANG_ENABLE_MODULES = YES;
				CLANG_ENABLE_OBJC_ARC = YES;
				CLANG_ENABLE_OBJC_WEAK = YES;
				CLANG_WARN_BLOCK_CAPTURE_AUTORELEASING = YES;
				CLANG_WARN_BOOL_CONVERSION = YES;
				CLANG_WARN_COMMA = YES;
				CLANG_WARN_CONSTANT_CONVERSION = YES;
				CLANG_WARN_DEPRECATED_OBJC_IMPLEMENTATIONS = YES;
				CLANG_WARN_DIRECT_OBJC_ISA_USAGE = YES_ERROR;
				CLANG_WARN_DOCUMENTATION_COMMENTS = YES;
				CLANG_WARN_EMPTY_BODY = YES;
				CLANG_WARN_ENUM_CONVERSION = YES;
				CLANG_WARN_INFINITE_RECURSION = YES;
				CLANG_WARN_INT_CONVERSION = YES;
				CLANG_WARN_NON_LITERAL_NULL_CONVERSION = YES;
				CLANG_WARN_OBJC_IMPLICIT_RETAIN_SELF = YES;
				CLANG_WARN_OBJC_LITERAL_CONVERSION = YES;
				CLANG_WARN_OBJC_ROOT_CLASS = YES_ERROR;
				CLANG_WARN_QUOTED_INCLUDE_IN_FRAMEWORK_HEADER = YES;
				CLANG_WARN_RANGE_LOOP_ANALYSIS = YES;
				CLANG_WARN_STRICT_PROTOTYPES = YES;
				CLANG_WARN_SUSPICIOUS_MOVE = YES;
				CLANG_WARN_UNGUARDED_AVAILABILITY = YES_AGGRESSIVE;
				CLANG_WARN_UNREACHABLE_CODE = YES;
				CLANG_WARN__DUPLICATE_METHOD_MATCH = YES;
				COPY_PHASE_STRIP = NO;
				DEBUG_INFORMATION_FORMAT = dwarf;
				ENABLE_STRICT_OBJC_MSGSEND = YES;
				ENABLE_TESTABILITY = YES;
				ENABLE_USER_SCRIPT_SANDBOXING = YES;
				GCC_C_LANGUAGE_STANDARD = gnu17;
				GCC_DYNAMIC_NO_PIC = NO;
				GCC_NO_COMMON_BLOCKS = YES;
				GCC_OPTIMIZATION_LEVEL = 0;
				GCC_PREPROCESSOR_DEFINITIONS = (
					"DEBUG=1",
					"$(inherited)",
				);
				GCC_WARN_64_TO_32_BIT_CONVERSION = YES;
				GCC_WARN_ABOUT_RETURN_TYPE = YES_ERROR;
				GCC_WARN_UNDECLARED_SELECTOR = YES;
				GCC_WARN_UNINITIALIZED_AUTOS = YES_AGGRESSIVE;
				GCC_WARN_UNUSED_FUNCTION = YES;
				GCC_WARN_UNUSED_VARIABLE = YES;
				IPHONEOS_DEPLOYMENT_TARGET = 16.0;
				LOCALIZATION_PREFERS_STRING_CATALOGS = YES;
				MTL_ENABLE_DEBUG_INFO = INCLUDE_SOURCE;
				MTL_FAST_MATH = YES;
				ONLY_ACTIVE_ARCH = YES;
				SDKROOT = iphoneos;
				SWIFT_ACTIVE_COMPILATION_CONDITIONS = "DEBUG $(inherited)";
				SWIFT_OPTIMIZATION_LEVEL = "-Onone";
			};
			name = Debug;
		};
		B12345678901ABDB /* Release */ = {
			isa = XCBuildConfiguration;
			buildSettings = {
				ALWAYS_SEARCH_USER_PATHS = NO;
				ASSETCATALOG_COMPILER_GENERATE_SWIFT_ASSET_SYMBOL_EXTENSIONS = YES;
				CLANG_ANALYZER_NONNULL = YES;
				CLANG_ANALYZER_NUMBER_OBJECT_CONVERSION = YES_AGGRESSIVE;
				CLANG_CXX_LANGUAGE_STANDARD = "gnu++20";
				CLANG_ENABLE_MODULES = YES;
				CLANG_ENABLE_OBJC_ARC = YES;
				CLANG_ENABLE_OBJC_WEAK = YES;
				CLANG_WARN_BLOCK_CAPTURE_AUTORELEASING = YES;
				CLANG_WARN_BOOL_CONVERSION = YES;
				CLANG_WARN_COMMA = YES;
				CLANG_WARN_CONSTANT_CONVERSION = YES;
				CLANG_WARN_DEPRECATED_OBJC_IMPLEMENTATIONS = YES;
				CLANG_WARN_DIRECT_OBJC_ISA_USAGE = YES_ERROR;
				CLANG_WARN_DOCUMENTATION_COMMENTS = YES;
				CLANG_WARN_EMPTY_BODY = YES;
				CLANG_WARN_ENUM_CONVERSION = YES;
				CLANG_WARN_INFINITE_RECURSION = YES;
				CLANG_WARN_INT_CONVERSION = YES;
				CLANG_WARN_NON_LITERAL_NULL_CONVERSION = YES;
				CLANG_WARN_OBJC_IMPLICIT_RETAIN_SELF = YES;
				CLANG_WARN_OBJC_LITERAL_CONVERSION = YES;
				CLANG_WARN_OBJC_ROOT_CLASS = YES_ERROR;
				CLANG_WARN_QUOTED_INCLUDE_IN_FRAMEWORK_HEADER = YES;
				CLANG_WARN_RANGE_LOOP_ANALYSIS = YES;
				CLANG_WARN_STRICT_PROTOTYPES = YES;
				CLANG_WARN_SUSPICIOUS_MOVE = YES;
				CLANG_WARN_UNGUARDED_AVAILABILITY = YES_AGGRESSIVE;
				CLANG_WARN_UNREACHABLE_CODE = YES;
				CLANG_WARN__DUPLICATE_METHOD_MATCH = YES;
				COPY_PHASE_STRIP = NO;
				DEBUG_INFORMATION_FORMAT = "dwarf-with-dsym";
				ENABLE_NS_ASSERTIONS = NO;
				ENABLE_STRICT_OBJC_MSGSEND = YES;
				ENABLE_USER_SCRIPT_SANDBOXING = YES;
				GCC_C_LANGUAGE_STANDARD = gnu17;
				GCC_NO_COMMON_BLOCKS = YES;
				GCC_WARN_64_TO_32_BIT_CONVERSION = YES;
				GCC_WARN_ABOUT_RETURN_TYPE = YES_ERROR;
				GCC_WARN_UNDECLARED_SELECTOR = YES;
				GCC_WARN_UNINITIALIZED_AUTOS = YES_AGGRESSIVE;
				GCC_WARN_UNUSED_FUNCTION = YES;
				GCC_WARN_UNUSED_VARIABLE = YES;
				IPHONEOS_DEPLOYMENT_TARGET = 16.0;
				LOCALIZATION_PREFERS_STRING_CATALOGS = YES;
				MTL_ENABLE_DEBUG_INFO = NO;
				MTL_FAST_MATH = YES;
				SDKROOT = iphoneos;
				SWIFT_COMPILATION_MODE = wholemodule;
				VALIDATE_PRODUCT = YES;
			};
			name = Release;
		};
		B12345678901ABDC /* Debug */ = {
			isa = XCBuildConfiguration;
			buildSettings = {
				ASSETCATALOG_COMPILER_APPICON_NAME = AppIcon;
				ASSETCATALOG_COMPILER_GLOBAL_ACCENT_COLOR_NAME = AccentColor;
				CODE_SIGN_ENTITLEMENTS = SatsApp/SatsApp.entitlements;
				CODE_SIGN_STYLE = Automatic;
				CURRENT_PROJECT_VERSION = 1;
				DEVELOPMENT_ASSET_PATHS = "\"SatsApp/Preview Content\"";
				DEVELOPMENT_TEAM = "";
				ENABLE_PREVIEWS = YES;
				GENERATE_INFOPLIST_FILE = NO;
				INFOPLIST_FILE = SatsApp/Resources/Info.plist;
				INFOPLIST_KEY_UIApplicationSceneManifest_Generation = YES;
				INFOPLIST_KEY_UIApplicationSupportsIndirectInputEvents = YES;
				INFOPLIST_KEY_UILaunchScreen_Generation = YES;
				INFOPLIST_KEY_UISupportedInterfaceOrientations_iPad = "UIInterfaceOrientationPortrait UIInterfaceOrientationPortraitUpsideDown UIInterfaceOrientationLandscapeLeft UIInterfaceOrientationLandscapeRight";
				INFOPLIST_KEY_UISupportedInterfaceOrientations_iPhone = "UIInterfaceOrientationPortrait UIInterfaceOrientationLandscapeLeft UIInterfaceOrientationLandscapeRight";
				LD_RUNPATH_SEARCH_PATHS = (
					"$(inherited)",
					"@executable_path/Frameworks",
				);
				MARKETING_VERSION = 1.0;
				PRODUCT_BUNDLE_IDENTIFIER = app.paywithsats;
				PRODUCT_NAME = "$(TARGET_NAME)";
				SWIFT_EMIT_LOC_STRINGS = YES;
				SWIFT_VERSION = 5.0;
				TARGETED_DEVICE_FAMILY = "1,2";
			};
			name = Debug;
		};
		B12345678901ABDD /* Release */ = {
			isa = XCBuildConfiguration;
			buildSettings = {
				ASSETCATALOG_COMPILER_APPICON_NAME = AppIcon;
				ASSETCATALOG_COMPILER_GLOBAL_ACCENT_COLOR_NAME = AccentColor;
				CODE_SIGN_ENTITLEMENTS = SatsApp/SatsApp.entitlements;
				CODE_SIGN_STYLE = Automatic;
				CURRENT_PROJECT_VERSION = 1;
				DEVELOPMENT_ASSET_PATHS = "\"SatsApp/Preview Content\"";
				DEVELOPMENT_TEAM = "";
				ENABLE_PREVIEWS = YES;
				GENERATE_INFOPLIST_FILE = NO;
				INFOPLIST_FILE = SatsApp/Resources/Info.plist;
				INFOPLIST_KEY_UIApplicationSceneManifest_Generation = YES;
				INFOPLIST_KEY_UIApplicationSupportsIndirectInputEvents = YES;
				INFOPLIST_KEY_UILaunchScreen_Generation = YES;
				INFOPLIST_KEY_UISupportedInterfaceOrientations_iPad = "UIInterfaceOrientationPortrait UIInterfaceOrientationPortraitUpsideDown UIInterfaceOrientationLandscapeLeft UIInterfaceOrientationLandscapeRight";
				INFOPLIST_KEY_UISupportedInterfaceOrientations_iPhone = "UIInterfaceOrientationPortrait UIInterfaceOrientationLandscapeLeft UIInterfaceOrientationLandscapeRight";
				LD_RUNPATH_SEARCH_PATHS = (
					"$(inherited)",
					"@executable_path/Frameworks",
				);
				MARKETING_VERSION = 1.0;
				PRODUCT_BUNDLE_IDENTIFIER = app.paywithsats;
				PRODUCT_NAME = "$(TARGET_NAME)";
				SWIFT_EMIT_LOC_STRINGS = YES;
				SWIFT_VERSION = 5.0;
				TARGETED_DEVICE_FAMILY = "1,2";
			};
			name = Release;
		};
/* End XCBuildConfiguration section */

/* Begin XCConfigurationList section */
		B12345678901ABC4 /* Build configuration list for PBXProject "SatsApp" */ = {
			isa = XCConfigurationList;
			buildConfigurations = (
				B12345678901ABD9 /* Debug */,
				B12345678901ABDB /* Release */,
			);
			defaultConfigurationIsVisible = 0;
			defaultConfigurationName = Release;
		};
		B12345678901ABDA /* Build configuration list for PBXNativeTarget "SatsApp" */ = {
			isa = XCConfigurationList;
			buildConfigurations = (
				B12345678901ABDC /* Debug */,
				B12345678901ABDD /* Release */,
			);
			defaultConfigurationIsVisible = 0;
			defaultConfigurationName = Release;
		};
/* End XCConfigurationList section */

/* Begin XCRemoteSwiftPackageReference section */
		2AFC6C9A259B112A90BAFAE7 /* XCRemoteSwiftPackageReference "URUI" */ = {
			isa = XCRemoteSwiftPackageReference;
			repositoryURL = "https://github.com/zeugmaster/URUI";
			requirement = {
				branch = master;
				kind = branch;
			};
		};
		6339661C2E859DF1001FC57B /* XCRemoteSwiftPackageReference "cdk-swift" */ = {
			isa = XCRemoteSwiftPackageReference;
			repositoryURL = "https://github.com/cashubtc/cdk-swift";
			requirement = {
				kind = upToNextMajorVersion;
				minimumVersion = 0.14.1;
			};
		};
/* End XCRemoteSwiftPackageReference section */

/* Begin XCSwiftPackageProductDependency section */
		6339661D2E859DF1001FC57B /* CashuDevKit */ = {
			isa = XCSwiftPackageProductDependency;
			package = 6339661C2E859DF1001FC57B /* XCRemoteSwiftPackageReference "cdk-swift" */;
			productName = CashuDevKit;
		};
		70FE868618882C027F706631 /* URUI */ = {
			isa = XCSwiftPackageProductDependency;
			package = 2AFC6C9A259B112A90BAFAE7 /* XCRemoteSwiftPackageReference "URUI" */;
			productName = URUI;
		};
/* End XCSwiftPackageProductDependency section */
	};
	rootObject = B12345678901ABC1 /* Project object */;
}
