{
  "originHash" : "5ad066e0c68bd72f540cdc86be841261f52970aa1ef8966141750f14526670fc",
  "pins" : [
    {
      "identity" : "cdk-swift",
      "kind" : "remoteSourceControl",
      "location" : "https://github.com/davidcaseria/cdk-swift",
      "state" : {
        "branch" : "main",
        "revision" : "48d4acde66119b4f7828eead68f578affc766504"
      }
    }
  ],
  "version" : 3
}
