{
  "originHash" : "bc89c7dd49de33d631a57dfdbc50b71cf1ec93e796a7f20f066f98c497dbe8c0",
  "pins" : [
    {
      "identity" : "cdk-swift",
      "kind" : "remoteSourceControl",
      "location" : "https://github.com/cashubtc/cdk-swift",
      "state" : {
        "revision" : "c9a1ccc1ba6946808418ca56427ffc94828265c0",
        "version" : "0.14.1"
      }
    }
  ],
  "version" : 3
}
